
Microsoft Visual Studio Solution File, Format Version 12.00
# Visual Studio Version 16
VisualStudioVersion = 16.0.29306.81
MinimumVisualStudioVersion = 10.0.40219.1
Project("{9A19103F-16F7-4668-BE54-9A1E7A4F7556}") = "DataFileScanerLib", "DataFileScanerLib.csproj", "{8F52583F-6093-40D1-87F3-DA7E1EA51017}"
EndProject
Global
	GlobalSection(SolutionConfigurationPlatforms) = preSolution
		Debug|Any CPU = Debug|Any CPU
		Release|Any CPU = Release|Any CPU
	EndGlobalSection
	GlobalSection(ProjectConfigurationPlatforms) = postSolution
		{8F52583F-6093-40D1-87F3-DA7E1EA51017}.Debug|Any CPU.ActiveCfg = Debug|Any CPU
		{8F52583F-6093-40D1-87F3-DA7E1EA51017}.Debug|Any CPU.Build.0 = Debug|Any CPU
		{8F52583F-6093-40D1-87F3-DA7E1EA51017}.Release|Any CPU.ActiveCfg = Release|Any CPU
		{8F52583F-6093-40D1-87F3-DA7E1EA51017}.Release|Any CPU.Build.0 = Release|Any CPU
	EndGlobalSection
	GlobalSection(SolutionProperties) = preSolution
		HideSolutionNode = FALSE
	EndGlobalSection
	GlobalSection(ExtensibilityGlobals) = postSolution
		SolutionGuid = {52FD8476-4E5E-42A1-92D2-ADB02B8B70F9}
	EndGlobalSection
EndGlobal
